
Microsoft Visual Studio Solution File, Format Version 12.00
# Visual Studio 15
VisualStudioVersion = 15.0.28010.2050
MinimumVisualStudioVersion = 10.0.40219.1
Project("{9A19103F-16F7-4668-BE54-9A1E7A4F7556}") = "AutoSubscribe", "AutoSubscribe\AutoSubscribe.csproj", "{6ACDC876-96FE-4CAD-A01C-B40F44EAD000}"
EndProject
Global
	GlobalSection(SolutionConfigurationPlatforms) = preSolution
		Debug|Any CPU = Debug|Any CPU
		Release|Any CPU = Release|Any CPU
	EndGlobalSection
	GlobalSection(ProjectConfigurationPlatforms) = postSolution
		{6ACDC876-96FE-4CAD-A01C-B40F44EAD000}.Debug|Any CPU.ActiveCfg = Debug|Any CPU
		{6ACDC876-96FE-4CAD-A01C-B40F44EAD000}.Debug|Any CPU.Build.0 = Debug|Any CPU
		{6ACDC876-96FE-4CAD-A01C-B40F44EAD000}.Release|Any CPU.ActiveCfg = Release|Any CPU
		{6ACDC876-96FE-4CAD-A01C-B40F44EAD000}.Release|Any CPU.Build.0 = Release|Any CPU
	EndGlobalSection
	GlobalSection(SolutionProperties) = preSolution
		HideSolutionNode = FALSE
	EndGlobalSection
	GlobalSection(ExtensibilityGlobals) = postSolution
		SolutionGuid = {F86102F5-B7C5-4BDD-907B-05771D5A1658}
	EndGlobalSection
EndGlobal
